
Microsoft Visual Studio Solution File, Format Version 12.00
# Visual Studio 15
VisualStudioVersion = 15.0.27130.2036
MinimumVisualStudioVersion = 10.0.40219.1
Project("{FAE04EC0-301F-11D3-BF4B-00C04F79EFBC}") = "Farmacia", "Farmacia\Farmacia.csproj", "{E87B9F35-2703-4D64-849B-0336846D67C6}"
EndProject
Global
	GlobalSection(SolutionConfigurationPlatforms) = preSolution
		Debug|Any CPU = Debug|Any CPU
		Release|Any CPU = Release|Any CPU
	EndGlobalSection
	GlobalSection(ProjectConfigurationPlatforms) = postSolution
		{E87B9F35-2703-4D64-849B-0336846D67C6}.Debug|Any CPU.ActiveCfg = Debug|Any CPU
		{E87B9F35-2703-4D64-849B-0336846D67C6}.Debug|Any CPU.Build.0 = Debug|Any CPU
		{E87B9F35-2703-4D64-849B-0336846D67C6}.Release|Any CPU.ActiveCfg = Release|Any CPU
		{E87B9F35-2703-4D64-849B-0336846D67C6}.Release|Any CPU.Build.0 = Release|Any CPU
	EndGlobalSection
	GlobalSection(SolutionProperties) = preSolution
		HideSolutionNode = FALSE
	EndGlobalSection
	GlobalSection(ExtensibilityGlobals) = postSolution
		SolutionGuid = {BA77E2D3-B420-43D6-B9DF-EABE4D9EE2A1}
	EndGlobalSection
EndGlobal
